
Microsoft Visual Studio Solution File, Format Version 12.00
# Visual Studio 14
VisualStudioVersion = 14.0.25420.1
MinimumVisualStudioVersion = 10.0.40219.1
Project("{FAE04EC0-301F-11D3-BF4B-00C04F79EFBC}") = "AccountPublisherLib", "AccountPublisherLib\AccountPublisherLib.csproj", "{2D5EA571-0DDB-4D2D-A778-1C19CCF9BF12}"
EndProject
Project("{FAE04EC0-301F-11D3-BF4B-00C04F79EFBC}") = "ObserverClient", "ObserverClient\ObserverClient.csproj", "{609D313D-9457-4CF6-B481-0100D3B3BA6F}"
EndProject
Global
	GlobalSection(SolutionConfigurationPlatforms) = preSolution
		Debug|Any CPU = Debug|Any CPU
		Release|Any CPU = Release|Any CPU
	EndGlobalSection
	GlobalSection(ProjectConfigurationPlatforms) = postSolution
		{2D5EA571-0DDB-4D2D-A778-1C19CCF9BF12}.Debug|Any CPU.ActiveCfg = Debug|Any CPU
		{2D5EA571-0DDB-4D2D-A778-1C19CCF9BF12}.Debug|Any CPU.Build.0 = Debug|Any CPU
		{2D5EA571-0DDB-4D2D-A778-1C19CCF9BF12}.Release|Any CPU.ActiveCfg = Release|Any CPU
		{2D5EA571-0DDB-4D2D-A778-1C19CCF9BF12}.Release|Any CPU.Build.0 = Release|Any CPU
		{609D313D-9457-4CF6-B481-0100D3B3BA6F}.Debug|Any CPU.ActiveCfg = Debug|Any CPU
		{609D313D-9457-4CF6-B481-0100D3B3BA6F}.Debug|Any CPU.Build.0 = Debug|Any CPU
		{609D313D-9457-4CF6-B481-0100D3B3BA6F}.Release|Any CPU.ActiveCfg = Release|Any CPU
		{609D313D-9457-4CF6-B481-0100D3B3BA6F}.Release|Any CPU.Build.0 = Release|Any CPU
	EndGlobalSection
	GlobalSection(SolutionProperties) = preSolution
		HideSolutionNode = FALSE
	EndGlobalSection
EndGlobal
